
Microsoft Visual Studio Solution File, Format Version 12.00
# Visual Studio Version 16
VisualStudioVersion = 16.0.31624.102
MinimumVisualStudioVersion = 10.0.40219.1
Project("{FAE04EC0-301F-11D3-BF4B-00C04F79EFBC}") = "TalkingCard", "TalkingCard\TalkingCard.csproj", "{8B971AD7-819B-4F25-8739-24ECEF0512B6}"
EndProject
Global
	GlobalSection(SolutionConfigurationPlatforms) = preSolution
		Debug|Any CPU = Debug|Any CPU
		Release|Any CPU = Release|Any CPU
	EndGlobalSection
	GlobalSection(ProjectConfigurationPlatforms) = postSolution
		{8B971AD7-819B-4F25-8739-24ECEF0512B6}.Debug|Any CPU.ActiveCfg = Debug|Any CPU
		{8B971AD7-819B-4F25-8739-24ECEF0512B6}.Debug|Any CPU.Build.0 = Debug|Any CPU
		{8B971AD7-819B-4F25-8739-24ECEF0512B6}.Release|Any CPU.ActiveCfg = Release|Any CPU
		{8B971AD7-819B-4F25-8739-24ECEF0512B6}.Release|Any CPU.Build.0 = Release|Any CPU
	EndGlobalSection
	GlobalSection(SolutionProperties) = preSolution
		HideSolutionNode = FALSE
	EndGlobalSection
	GlobalSection(ExtensibilityGlobals) = postSolution
		SolutionGuid = {F76A1ED8-64F4-49C2-975C-AFE3E64FC811}
	EndGlobalSection
EndGlobal
