{
  "name": "teamx",
  "version": "1.0.0",
  "lockfileVersion": 2,
  "requires": true,
  "packages": {
    "": {
      "name": "teamx",
      "version": "1.0.0",
      "license": "ISC",
      "dependencies": {
        "pathfinding": "^0.4.18"
      }
    },
    "node_modules/heap": {
      "version": "0.2.5",
      "resolved": "https://registry.npmjs.org/heap/-/heap-0.2.5.tgz",
      "integrity": "sha1-cTtlWQ68xA/L7q9V6FFpQJKzmvE="
    },
    "node_modules/pathfinding": {
      "version": "0.4.18",
      "resolved": "https://registry.npmjs.org/pathfinding/-/pathfinding-0.4.18.tgz",
      "integrity": "sha1-qZkPb6IrfvGW5WUbBJFlQDoEX+g=",
      "dependencies": {
        "heap": "0.2.5"
      }
    }
  },
  "dependencies": {
    "heap": {
      "version": "0.2.5",
      "resolved": "https://registry.npmjs.org/heap/-/heap-0.2.5.tgz",
      "integrity": "sha1-cTtlWQ68xA/L7q9V6FFpQJKzmvE="
    },
    "pathfinding": {
      "version": "0.4.18",
      "resolved": "https://registry.npmjs.org/pathfinding/-/pathfinding-0.4.18.tgz",
      "integrity": "sha1-qZkPb6IrfvGW5WUbBJFlQDoEX+g=",
      "requires": {
        "heap": "0.2.5"
      }
    }
  }
}
