{
  "name": "minihack-20",
  "version": "1.0.0",
  "lockfileVersion": 2,
  "requires": true,
  "packages": {
    "": {
      "name": "minihack-20",
      "version": "1.0.0",
      "license": "ISC",
      "dependencies": {
        "csv": "^6.1.3"
      }
    },
    "node_modules/csv": {
      "version": "6.1.3",
      "resolved": "https://registry.npmjs.org/csv/-/csv-6.1.3.tgz",
      "integrity": "sha512-AO1ZWeHGHZ4rZvB0h2U4iQQwZmDHKuvNooFCz/74/CsYj7NK0H8HLsepEDRQDGjmeSTlx9JX+KVQjyWFFO0FwA==",
      "dependencies": {
        "csv-generate": "^4.1.0",
        "csv-parse": "^5.2.0",
        "csv-stringify": "^6.1.3",
        "stream-transform": "^3.1.0"
      },
      "engines": {
        "node": ">= 0.1.90"
      }
    },
    "node_modules/csv-generate": {
      "version": "4.1.0",
      "resolved": "https://registry.npmjs.org/csv-generate/-/csv-generate-4.1.0.tgz",
      "integrity": "sha512-Z17wI0xmDfpwzB7lShyK7INBt0YMyh5kV7svWTwsBSOa30T6Lq1fHHasmSCtf2rRTI7GnTk52HQRYBk0ToAXQQ=="
    },
    "node_modules/csv-parse": {
      "version": "5.2.0",
      "resolved": "https://registry.npmjs.org/csv-parse/-/csv-parse-5.2.0.tgz",
      "integrity": "sha512-ZuLjTp3Qx2gycoB7FKS9q11KgDL3f0wQszTlNOajS3fHa0jypN/zgjmkam+rczX5dXw5z7+KrDW2hWkM4542Ug=="
    },
    "node_modules/csv-stringify": {
      "version": "6.1.3",
      "resolved": "https://registry.npmjs.org/csv-stringify/-/csv-stringify-6.1.3.tgz",
      "integrity": "sha512-jK2oj6VQafoke0uBXYqYhlwLg4d5qNYjikld+oMgdkOiSiFJygDfQJsiK67igX13Vb/DFnCJexnlhiSErjKR4g=="
    },
    "node_modules/stream-transform": {
      "version": "3.1.0",
      "resolved": "https://registry.npmjs.org/stream-transform/-/stream-transform-3.1.0.tgz",
      "integrity": "sha512-ncT/rST/M2N2zGLacJmeB7TNq/XS8Ck0xqvhYX6bgLwSPTSZLVFCSvNnwTU+RYhk9fAfwzCkYH9I5kdgcDMvfw=="
    }
  },
  "dependencies": {
    "csv": {
      "version": "6.1.3",
      "resolved": "https://registry.npmjs.org/csv/-/csv-6.1.3.tgz",
      "integrity": "sha512-AO1ZWeHGHZ4rZvB0h2U4iQQwZmDHKuvNooFCz/74/CsYj7NK0H8HLsepEDRQDGjmeSTlx9JX+KVQjyWFFO0FwA==",
      "requires": {
        "csv-generate": "^4.1.0",
        "csv-parse": "^5.2.0",
        "csv-stringify": "^6.1.3",
        "stream-transform": "^3.1.0"
      }
    },
    "csv-generate": {
      "version": "4.1.0",
      "resolved": "https://registry.npmjs.org/csv-generate/-/csv-generate-4.1.0.tgz",
      "integrity": "sha512-Z17wI0xmDfpwzB7lShyK7INBt0YMyh5kV7svWTwsBSOa30T6Lq1fHHasmSCtf2rRTI7GnTk52HQRYBk0ToAXQQ=="
    },
    "csv-parse": {
      "version": "5.2.0",
      "resolved": "https://registry.npmjs.org/csv-parse/-/csv-parse-5.2.0.tgz",
      "integrity": "sha512-ZuLjTp3Qx2gycoB7FKS9q11KgDL3f0wQszTlNOajS3fHa0jypN/zgjmkam+rczX5dXw5z7+KrDW2hWkM4542Ug=="
    },
    "csv-stringify": {
      "version": "6.1.3",
      "resolved": "https://registry.npmjs.org/csv-stringify/-/csv-stringify-6.1.3.tgz",
      "integrity": "sha512-jK2oj6VQafoke0uBXYqYhlwLg4d5qNYjikld+oMgdkOiSiFJygDfQJsiK67igX13Vb/DFnCJexnlhiSErjKR4g=="
    },
    "stream-transform": {
      "version": "3.1.0",
      "resolved": "https://registry.npmjs.org/stream-transform/-/stream-transform-3.1.0.tgz",
      "integrity": "sha512-ncT/rST/M2N2zGLacJmeB7TNq/XS8Ck0xqvhYX6bgLwSPTSZLVFCSvNnwTU+RYhk9fAfwzCkYH9I5kdgcDMvfw=="
    }
  }
}
